
Microsoft Visual Studio Solution File, Format Version 12.00
# Visual Studio 2012
Project("{8BC9CEB8-8B4A-11D0-8D11-00A0C91BC942}") = "SOL", "SOL\SOL.vcxproj", "{FDB384A4-93C7-4D79-AD89-DB34F7B34C12}"
EndProject
Global
	GlobalSection(SolutionConfigurationPlatforms) = preSolution
		Debug|Win32 = Debug|Win32
		Release|Win32 = Release|Win32
	EndGlobalSection
	GlobalSection(ProjectConfigurationPlatforms) = postSolution
		{FDB384A4-93C7-4D79-AD89-DB34F7B34C12}.Debug|Win32.ActiveCfg = Debug|Win32
		{FDB384A4-93C7-4D79-AD89-DB34F7B34C12}.Debug|Win32.Build.0 = Debug|Win32
		{FDB384A4-93C7-4D79-AD89-DB34F7B34C12}.Release|Win32.ActiveCfg = Release|Win32
		{FDB384A4-93C7-4D79-AD89-DB34F7B34C12}.Release|Win32.Build.0 = Release|Win32
	EndGlobalSection
	GlobalSection(SolutionProperties) = preSolution
		HideSolutionNode = FALSE
	EndGlobalSection
	GlobalSection(Performance) = preSolution
		HasPerformanceSessions = true
	EndGlobalSection
EndGlobal
